
Microsoft Visual Studio Solution File, Format Version 12.00
# Visual Studio Version 16
VisualStudioVersion = 16.0.29806.167
MinimumVisualStudioVersion = 10.0.40219.1
Project("{FAE04EC0-301F-11D3-BF4B-00C04F79EFBC}") = "SisProgF", "SisProgF\SisProgF.csproj", "{C67E1662-060D-48F7-98A9-E5E308378C4F}"
EndProject
Project("{FAE04EC0-301F-11D3-BF4B-00C04F79EFBC}") = "ClassLibrary", "ClassLibrary\ClassLibrary.csproj", "{452CB971-4EAB-4EDF-B003-ECB6EC87F5EC}"
EndProject
Project("{FAE04EC0-301F-11D3-BF4B-00C04F79EFBC}") = "AsmDLL", "AsmDLL\AsmDLL.csproj", "{B48068DF-3C19-4D1E-BDE8-E5410D8EC3B5}"
EndProject
Global
	GlobalSection(SolutionConfigurationPlatforms) = preSolution
		Debug|Any CPU = Debug|Any CPU
		Release|Any CPU = Release|Any CPU
	EndGlobalSection
	GlobalSection(ProjectConfigurationPlatforms) = postSolution
		{C67E1662-060D-48F7-98A9-E5E308378C4F}.Debug|Any CPU.ActiveCfg = Debug|Any CPU
		{C67E1662-060D-48F7-98A9-E5E308378C4F}.Debug|Any CPU.Build.0 = Debug|Any CPU
		{C67E1662-060D-48F7-98A9-E5E308378C4F}.Release|Any CPU.ActiveCfg = Release|Any CPU
		{C67E1662-060D-48F7-98A9-E5E308378C4F}.Release|Any CPU.Build.0 = Release|Any CPU
		{452CB971-4EAB-4EDF-B003-ECB6EC87F5EC}.Debug|Any CPU.ActiveCfg = Debug|Any CPU
		{452CB971-4EAB-4EDF-B003-ECB6EC87F5EC}.Debug|Any CPU.Build.0 = Debug|Any CPU
		{452CB971-4EAB-4EDF-B003-ECB6EC87F5EC}.Release|Any CPU.ActiveCfg = Release|Any CPU
		{452CB971-4EAB-4EDF-B003-ECB6EC87F5EC}.Release|Any CPU.Build.0 = Release|Any CPU
		{B48068DF-3C19-4D1E-BDE8-E5410D8EC3B5}.Debug|Any CPU.ActiveCfg = Debug|Any CPU
		{B48068DF-3C19-4D1E-BDE8-E5410D8EC3B5}.Debug|Any CPU.Build.0 = Debug|Any CPU
		{B48068DF-3C19-4D1E-BDE8-E5410D8EC3B5}.Release|Any CPU.ActiveCfg = Release|Any CPU
		{B48068DF-3C19-4D1E-BDE8-E5410D8EC3B5}.Release|Any CPU.Build.0 = Release|Any CPU
	EndGlobalSection
	GlobalSection(SolutionProperties) = preSolution
		HideSolutionNode = FALSE
	EndGlobalSection
	GlobalSection(ExtensibilityGlobals) = postSolution
		SolutionGuid = {60070E8D-B3DC-4132-AC27-0AC68A3DADF7}
	EndGlobalSection
EndGlobal
